
Microsoft Visual Studio Solution File, Format Version 11.00
# Visual Studio 2010
Project("{FAE04EC0-301F-11D3-BF4B-00C04F79EFBC}") = "TMT_2012", "TMT_2012\TMT_2012.csproj", "{5F5E54F8-C84F-458C-B6EA-97CB3CA4C016}"
EndProject
Project("{FAE04EC0-301F-11D3-BF4B-00C04F79EFBC}") = "data", "data\data.csproj", "{1DC3F672-0D47-42AF-A309-B366255454FF}"
EndProject
Project("{FAE04EC0-301F-11D3-BF4B-00C04F79EFBC}") = "middle_access", "middle_access\middle_access.csproj", "{B4CC9977-0253-40E5-A521-FDCED932F108}"
EndProject
Project("{2150E333-8FDC-42A3-9474-1A3956D46DE8}") = "Solution Items", "Solution Items", "{404FFA70-ED81-4033-BFBF-B714A50E4538}"
EndProject
Global
	GlobalSection(SolutionConfigurationPlatforms) = preSolution
		Debug|Any CPU = Debug|Any CPU
		Debug|Mixed Platforms = Debug|Mixed Platforms
		Debug|x86 = Debug|x86
		Release|Any CPU = Release|Any CPU
		Release|Mixed Platforms = Release|Mixed Platforms
		Release|x86 = Release|x86
	EndGlobalSection
	GlobalSection(ProjectConfigurationPlatforms) = postSolution
		{5F5E54F8-C84F-458C-B6EA-97CB3CA4C016}.Debug|Any CPU.ActiveCfg = Debug|x86
		{5F5E54F8-C84F-458C-B6EA-97CB3CA4C016}.Debug|Mixed Platforms.ActiveCfg = Debug|x86
		{5F5E54F8-C84F-458C-B6EA-97CB3CA4C016}.Debug|Mixed Platforms.Build.0 = Debug|x86
		{5F5E54F8-C84F-458C-B6EA-97CB3CA4C016}.Debug|x86.ActiveCfg = Debug|x86
		{5F5E54F8-C84F-458C-B6EA-97CB3CA4C016}.Debug|x86.Build.0 = Debug|x86
		{5F5E54F8-C84F-458C-B6EA-97CB3CA4C016}.Release|Any CPU.ActiveCfg = Release|x86
		{5F5E54F8-C84F-458C-B6EA-97CB3CA4C016}.Release|Mixed Platforms.ActiveCfg = Release|x86
		{5F5E54F8-C84F-458C-B6EA-97CB3CA4C016}.Release|Mixed Platforms.Build.0 = Release|x86
		{5F5E54F8-C84F-458C-B6EA-97CB3CA4C016}.Release|x86.ActiveCfg = Release|x86
		{5F5E54F8-C84F-458C-B6EA-97CB3CA4C016}.Release|x86.Build.0 = Release|x86
		{1DC3F672-0D47-42AF-A309-B366255454FF}.Debug|Any CPU.ActiveCfg = Debug|Any CPU
		{1DC3F672-0D47-42AF-A309-B366255454FF}.Debug|Any CPU.Build.0 = Debug|Any CPU
		{1DC3F672-0D47-42AF-A309-B366255454FF}.Debug|Mixed Platforms.ActiveCfg = Debug|Any CPU
		{1DC3F672-0D47-42AF-A309-B366255454FF}.Debug|Mixed Platforms.Build.0 = Debug|Any CPU
		{1DC3F672-0D47-42AF-A309-B366255454FF}.Debug|x86.ActiveCfg = Debug|Any CPU
		{1DC3F672-0D47-42AF-A309-B366255454FF}.Release|Any CPU.ActiveCfg = Release|Any CPU
		{1DC3F672-0D47-42AF-A309-B366255454FF}.Release|Any CPU.Build.0 = Release|Any CPU
		{1DC3F672-0D47-42AF-A309-B366255454FF}.Release|Mixed Platforms.ActiveCfg = Release|Any CPU
		{1DC3F672-0D47-42AF-A309-B366255454FF}.Release|Mixed Platforms.Build.0 = Release|Any CPU
		{1DC3F672-0D47-42AF-A309-B366255454FF}.Release|x86.ActiveCfg = Release|Any CPU
		{B4CC9977-0253-40E5-A521-FDCED932F108}.Debug|Any CPU.ActiveCfg = Debug|Any CPU
		{B4CC9977-0253-40E5-A521-FDCED932F108}.Debug|Any CPU.Build.0 = Debug|Any CPU
		{B4CC9977-0253-40E5-A521-FDCED932F108}.Debug|Mixed Platforms.ActiveCfg = Debug|Any CPU
		{B4CC9977-0253-40E5-A521-FDCED932F108}.Debug|Mixed Platforms.Build.0 = Debug|Any CPU
		{B4CC9977-0253-40E5-A521-FDCED932F108}.Debug|x86.ActiveCfg = Debug|Any CPU
		{B4CC9977-0253-40E5-A521-FDCED932F108}.Release|Any CPU.ActiveCfg = Release|Any CPU
		{B4CC9977-0253-40E5-A521-FDCED932F108}.Release|Any CPU.Build.0 = Release|Any CPU
		{B4CC9977-0253-40E5-A521-FDCED932F108}.Release|Mixed Platforms.ActiveCfg = Release|Any CPU
		{B4CC9977-0253-40E5-A521-FDCED932F108}.Release|Mixed Platforms.Build.0 = Release|Any CPU
		{B4CC9977-0253-40E5-A521-FDCED932F108}.Release|x86.ActiveCfg = Release|Any CPU
	EndGlobalSection
	GlobalSection(SolutionProperties) = preSolution
		HideSolutionNode = FALSE
	EndGlobalSection
EndGlobal
